<?xml version="1.0" encoding="utf-8"?>
<Project ToolsVersion="15.0" xmlns="http://schemas.microsoft.com/developer/msbuild/2003">
  <ItemGroup>
    <Filter Include="protos">
      <UniqueIdentifier>{0bb00a87-0dce-4c2c-bc08-34e5b24b37fc}</UniqueIdentifier>
    </Filter>
  </ItemGroup>
  <ItemGroup>
    <ClCompile Include="pch.cpp" />
    <ClCompile Include="BackgroundTask.cpp" />
    <ClCompile Include="ServerGRPC.cpp" />
    <ClCompile Include="build\sensorStreaming.grpc.pb.cc" />
    <ClCompile Include="build\sensorStreaming.pb.cc" />
    <ClCompile Include="StreamerServiceImpl.cpp" />
  </ItemGroup>
  <ItemGroup>
    <ClInclude Include="pch.h" />
    <ClInclude Include="BackgroundTask.h" />
    <ClInclude Include="ServerGRPC.h" />
    <ClInclude Include="StreamerServiceImpl.h" />
  </ItemGroup>
  <ItemGroup>
    <None Include="protos\SensorStreaming.proto">
      <Filter>protos</Filter>
    </None>
  </ItemGroup>
</Project>